
Microsoft Visual Studio Solution File, Format Version 12.00
# Visual Studio Version 17
VisualStudioVersion = 17.10.34607.79
MinimumVisualStudioVersion = 10.0.40219.1
Project("{FAE04EC0-301F-11D3-BF4B-00C04F79EFBC}") = "DesafiosSemana6", "DesafiosSemana6.csproj", "{920B320E-6431-4C6E-A696-9E3F8192BEE4}"
EndProject
Global
	GlobalSection(SolutionConfigurationPlatforms) = preSolution
		Debug|Any CPU = Debug|Any CPU
		Release|Any CPU = Release|Any CPU
	EndGlobalSection
	GlobalSection(ProjectConfigurationPlatforms) = postSolution
		{920B320E-6431-4C6E-A696-9E3F8192BEE4}.Debug|Any CPU.ActiveCfg = Debug|Any CPU
		{920B320E-6431-4C6E-A696-9E3F8192BEE4}.Debug|Any CPU.Build.0 = Debug|Any CPU
		{920B320E-6431-4C6E-A696-9E3F8192BEE4}.Release|Any CPU.ActiveCfg = Release|Any CPU
		{920B320E-6431-4C6E-A696-9E3F8192BEE4}.Release|Any CPU.Build.0 = Release|Any CPU
	EndGlobalSection
	GlobalSection(SolutionProperties) = preSolution
		HideSolutionNode = FALSE
	EndGlobalSection
	GlobalSection(ExtensibilityGlobals) = postSolution
		SolutionGuid = {5B407093-99A4-48D0-9E4E-E06A51CC1B1D}
	EndGlobalSection
EndGlobal
