
Microsoft Visual Studio Solution File, Format Version 12.00
# Visual Studio Version 17
VisualStudioVersion = 17.10.34707.107
MinimumVisualStudioVersion = 10.0.40219.1
Project("{FAE04EC0-301F-11D3-BF4B-00C04F79EFBC}") = "CrudDeEscuela", "CrudDeEscuela.csproj", "{4CECE608-79D1-4F75-B810-E49E3F21B39D}"
EndProject
Global
	GlobalSection(SolutionConfigurationPlatforms) = preSolution
		Debug|Any CPU = Debug|Any CPU
		Release|Any CPU = Release|Any CPU
	EndGlobalSection
	GlobalSection(ProjectConfigurationPlatforms) = postSolution
		{4CECE608-79D1-4F75-B810-E49E3F21B39D}.Debug|Any CPU.ActiveCfg = Debug|Any CPU
		{4CECE608-79D1-4F75-B810-E49E3F21B39D}.Debug|Any CPU.Build.0 = Debug|Any CPU
		{4CECE608-79D1-4F75-B810-E49E3F21B39D}.Release|Any CPU.ActiveCfg = Release|Any CPU
		{4CECE608-79D1-4F75-B810-E49E3F21B39D}.Release|Any CPU.Build.0 = Release|Any CPU
	EndGlobalSection
	GlobalSection(SolutionProperties) = preSolution
		HideSolutionNode = FALSE
	EndGlobalSection
	GlobalSection(ExtensibilityGlobals) = postSolution
		SolutionGuid = {EB0AB5F6-1AC2-427B-8CCB-6C9D5F7A4471}
	EndGlobalSection
EndGlobal
